
Microsoft Visual Studio Solution File, Format Version 12.00
# Visual Studio Version 17
VisualStudioVersion = 17.6.33815.320
MinimumVisualStudioVersion = 10.0.40219.1
Project("{FAE04EC0-301F-11D3-BF4B-00C04F79EFBC}") = "Verne.Controller", "Verne.Controller\Verne.Controller.csproj", "{0FABFCF3-8D18-49E8-8BF3-784ED0AF78A2}"
EndProject
Global
	GlobalSection(SolutionConfigurationPlatforms) = preSolution
		Debug|Any CPU = Debug|Any CPU
		Release|Any CPU = Release|Any CPU
	EndGlobalSection
	GlobalSection(ProjectConfigurationPlatforms) = postSolution
		{0FABFCF3-8D18-49E8-8BF3-784ED0AF78A2}.Debug|Any CPU.ActiveCfg = Debug|Any CPU
		{0FABFCF3-8D18-49E8-8BF3-784ED0AF78A2}.Debug|Any CPU.Build.0 = Debug|Any CPU
		{0FABFCF3-8D18-49E8-8BF3-784ED0AF78A2}.Release|Any CPU.ActiveCfg = Release|Any CPU
		{0FABFCF3-8D18-49E8-8BF3-784ED0AF78A2}.Release|Any CPU.Build.0 = Release|Any CPU
	EndGlobalSection
	GlobalSection(SolutionProperties) = preSolution
		HideSolutionNode = FALSE
	EndGlobalSection
	GlobalSection(ExtensibilityGlobals) = postSolution
		SolutionGuid = {CB9AD981-B92F-42DF-AAB2-79D786B9DDA1}
	EndGlobalSection
EndGlobal
